
Microsoft Visual Studio Solution File, Format Version 12.00
# Visual Studio 14
VisualStudioVersion = 14.0.25123.0
MinimumVisualStudioVersion = 10.0.40219.1
Project("{2150E333-8FDC-42A3-9474-1A3956D46DE8}") = "src", "src", "{6C2058BE-75AF-4745-9E6D-013FFA8DCC36}"
EndProject
Project("{2150E333-8FDC-42A3-9474-1A3956D46DE8}") = "Solution Items", "Solution Items", "{1A0910CB-EE2B-4FBB-928C-2B79098658D9}"
	ProjectSection(SolutionItems) = preProject
		global.json = global.json
	EndProjectSection
EndProject
Project("{8BB2217D-0F2D-49D1-97BC-3654ED321F3B}") = "aspnet5", "src\aspnet5\aspnet5.xproj", "{40AD16D4-155E-4B38-8EE2-92367A3AD450}"
EndProject
Global
	GlobalSection(SolutionConfigurationPlatforms) = preSolution
		Debug|Any CPU = Debug|Any CPU
		Release|Any CPU = Release|Any CPU
	EndGlobalSection
	GlobalSection(ProjectConfigurationPlatforms) = postSolution
		{40AD16D4-155E-4B38-8EE2-92367A3AD450}.Debug|Any CPU.ActiveCfg = Debug|Any CPU
		{40AD16D4-155E-4B38-8EE2-92367A3AD450}.Debug|Any CPU.Build.0 = Debug|Any CPU
		{40AD16D4-155E-4B38-8EE2-92367A3AD450}.Release|Any CPU.ActiveCfg = Release|Any CPU
		{40AD16D4-155E-4B38-8EE2-92367A3AD450}.Release|Any CPU.Build.0 = Release|Any CPU
	EndGlobalSection
	GlobalSection(SolutionProperties) = preSolution
		HideSolutionNode = FALSE
	EndGlobalSection
	GlobalSection(NestedProjects) = preSolution
		{40AD16D4-155E-4B38-8EE2-92367A3AD450} = {6C2058BE-75AF-4745-9E6D-013FFA8DCC36}
	EndGlobalSection
EndGlobal
